
Microsoft Visual Studio Solution File, Format Version 12.00
# Visual Studio Version 17
VisualStudioVersion = 17.1.32407.343
MinimumVisualStudioVersion = 10.0.40219.1
Project("{2150E333-8FDC-42A3-9474-1A3956D46DE8}") = "src", "src", "{BCA573BD-ECB1-47C7-9411-D35F29C94029}"
EndProject
Project("{2150E333-8FDC-42A3-9474-1A3956D46DE8}") = "test", "test", "{032AEA56-E575-47A7-9455-C19FC06DB9BA}"
EndProject
Project("{9A19103F-16F7-4668-BE54-9A1E7A4F7556}") = "CodeChallenge", "src\CodeChallenge\CodeChallenge.csproj", "{E6689075-F7F2-48FE-A48D-5CDF26789F4E}"
EndProject
Project("{FAE04EC0-301F-11D3-BF4B-00C04F79EFBC}") = "CodeChallenge.Test", "test\CodeChallenge.Test\CodeChallenge.Test.csproj", "{E8D0A11D-FDA2-4B31-BFDC-A480A4502633}"
EndProject
Project("{2150E333-8FDC-42A3-9474-1A3956D46DE8}") = "NewFolder1", "NewFolder1", "{E6F5567B-757B-4611-BECB-2D6D9A763260}"
EndProject
Global
	GlobalSection(SolutionConfigurationPlatforms) = preSolution
		Debug|Any CPU = Debug|Any CPU
		Release|Any CPU = Release|Any CPU
	EndGlobalSection
	GlobalSection(ProjectConfigurationPlatforms) = postSolution
		{E6689075-F7F2-48FE-A48D-5CDF26789F4E}.Debug|Any CPU.ActiveCfg = Debug|Any CPU
		{E6689075-F7F2-48FE-A48D-5CDF26789F4E}.Debug|Any CPU.Build.0 = Debug|Any CPU
		{E6689075-F7F2-48FE-A48D-5CDF26789F4E}.Release|Any CPU.ActiveCfg = Release|Any CPU
		{E6689075-F7F2-48FE-A48D-5CDF26789F4E}.Release|Any CPU.Build.0 = Release|Any CPU
		{E8D0A11D-FDA2-4B31-BFDC-A480A4502633}.Debug|Any CPU.ActiveCfg = Debug|Any CPU
		{E8D0A11D-FDA2-4B31-BFDC-A480A4502633}.Debug|Any CPU.Build.0 = Debug|Any CPU
		{E8D0A11D-FDA2-4B31-BFDC-A480A4502633}.Release|Any CPU.ActiveCfg = Release|Any CPU
		{E8D0A11D-FDA2-4B31-BFDC-A480A4502633}.Release|Any CPU.Build.0 = Release|Any CPU
	EndGlobalSection
	GlobalSection(SolutionProperties) = preSolution
		HideSolutionNode = FALSE
	EndGlobalSection
	GlobalSection(NestedProjects) = preSolution
		{E6689075-F7F2-48FE-A48D-5CDF26789F4E} = {BCA573BD-ECB1-47C7-9411-D35F29C94029}
		{E8D0A11D-FDA2-4B31-BFDC-A480A4502633} = {032AEA56-E575-47A7-9455-C19FC06DB9BA}
	EndGlobalSection
	GlobalSection(ExtensibilityGlobals) = postSolution
		SolutionGuid = {233BE065-5926-4FB4-ADF8-6E9004C7CDEB}
	EndGlobalSection
EndGlobal
